// !$*UTF8*$!
{
	archiveVersion = 1;
	classes = {
	};
	objectVersion = 46;
	objects = {

/* Begin PBXBuildFile section */
		785A90761A008EC50038851C /* TitleViewController.m in Sources */ = {isa = PBXBuildFile; fileRef = 785A90751A008EC50038851C /* TitleViewController.m */; };
		78AD1B9719C8024900BD21A7 /* tater.png in Resources */ = {isa = PBXBuildFile; fileRef = 78AD1B9619C8024900BD21A7 /* tater.png */; };
		78AF636A19D3BA06006B1DD4 /* TestViewController.m in Sources */ = {isa = PBXBuildFile; fileRef = 78AF636919D3BA06006B1DD4 /* TestViewController.m */; };
		78CA65FB19D2A94F00EF8A95 /* SecondCategoryViewController.m in Sources */ = {isa = PBXBuildFile; fileRef = 78CA65FA19D2A94F00EF8A95 /* SecondCategoryViewController.m */; };
		78CC457419C6B24400C665C3 /* Foundation.framework in Frameworks */ = {isa = PBXBuildFile; fileRef = 78CC457319C6B24400C665C3 /* Foundation.framework */; };
		78CC457619C6B24400C665C3 /* CoreGraphics.framework in Frameworks */ = {isa = PBXBuildFile; fileRef = 78CC457519C6B24400C665C3 /* CoreGraphics.framework */; };
		78CC457819C6B24400C665C3 /* UIKit.framework in Frameworks */ = {isa = PBXBuildFile; fileRef = 78CC457719C6B24400C665C3 /* UIKit.framework */; };
		78CC457E19C6B24400C665C3 /* InfoPlist.strings in Resources */ = {isa = PBXBuildFile; fileRef = 78CC457C19C6B24400C665C3 /* InfoPlist.strings */; };
		78CC458019C6B24400C665C3 /* main.m in Sources */ = {isa = PBXBuildFile; fileRef = 78CC457F19C6B24400C665C3 /* main.m */; };
		78CC458419C6B24400C665C3 /* DictionaryAppDelegate.m in Sources */ = {isa = PBXBuildFile; fileRef = 78CC458319C6B24400C665C3 /* DictionaryAppDelegate.m */; };
		78CC458719C6B24400C665C3 /* Main.storyboard in Resources */ = {isa = PBXBuildFile; fileRef = 78CC458519C6B24400C665C3 /* Main.storyboard */; };
		78CC458A19C6B24400C665C3 /* DictionaryViewController.m in Sources */ = {isa = PBXBuildFile; fileRef = 78CC458919C6B24400C665C3 /* DictionaryViewController.m */; };
		78CC458C19C6B24400C665C3 /* Images.xcassets in Resources */ = {isa = PBXBuildFile; fileRef = 78CC458B19C6B24400C665C3 /* Images.xcassets */; };
		78CC459319C6B24400C665C3 /* XCTest.framework in Frameworks */ = {isa = PBXBuildFile; fileRef = 78CC459219C6B24400C665C3 /* XCTest.framework */; };
		78CC459419C6B24400C665C3 /* Foundation.framework in Frameworks */ = {isa = PBXBuildFile; fileRef = 78CC457319C6B24400C665C3 /* Foundation.framework */; };
		78CC459519C6B24400C665C3 /* UIKit.framework in Frameworks */ = {isa = PBXBuildFile; fileRef = 78CC457719C6B24400C665C3 /* UIKit.framework */; };
		78CC459D19C6B24400C665C3 /* InfoPlist.strings in Resources */ = {isa = PBXBuildFile; fileRef = 78CC459B19C6B24400C665C3 /* InfoPlist.strings */; };
		78CC459F19C6B24400C665C3 /* PictureDictionaryTests.m in Sources */ = {isa = PBXBuildFile; fileRef = 78CC459E19C6B24400C665C3 /* PictureDictionaryTests.m */; };
/* End PBXBuildFile section */

/* Begin PBXContainerItemProxy section */
		78CC459619C6B24400C665C3 /* PBXContainerItemProxy */ = {
			isa = PBXContainerItemProxy;
			containerPortal = 78CC456819C6B24400C665C3 /* Project object */;
			proxyType = 1;
			remoteGlobalIDString = 78CC456F19C6B24400C665C3;
			remoteInfo = PictureDictionary;
		};
/* End PBXContainerItemProxy section */

/* Begin PBXFileReference section */
		785A90741A008EC50038851C /* TitleViewController.h */ = {isa = PBXFileReference; fileEncoding = 4; lastKnownFileType = sourcecode.c.h; path = TitleViewController.h; sourceTree = "<group>"; };
		785A90751A008EC50038851C /* TitleViewController.m */ = {isa = PBXFileReference; fileEncoding = 4; lastKnownFileType = sourcecode.c.objc; path = TitleViewController.m; sourceTree = "<group>"; };
		78AD1B9619C8024900BD21A7 /* tater.png */ = {isa = PBXFileReference; lastKnownFileType = image.png; path = tater.png; sourceTree = "<group>"; };
		78AF636819D3BA06006B1DD4 /* TestViewController.h */ = {isa = PBXFileReference; fileEncoding = 4; lastKnownFileType = sourcecode.c.h; path = TestViewController.h; sourceTree = "<group>"; };
		78AF636919D3BA06006B1DD4 /* TestViewController.m */ = {isa = PBXFileReference; fileEncoding = 4; lastKnownFileType = sourcecode.c.objc; path = TestViewController.m; sourceTree = "<group>"; };
		78CA65F919D2A94F00EF8A95 /* SecondCategoryViewController.h */ = {isa = PBXFileReference; fileEncoding = 4; lastKnownFileType = sourcecode.c.h; path = SecondCategoryViewController.h; sourceTree = "<group>"; };
		78CA65FA19D2A94F00EF8A95 /* SecondCategoryViewController.m */ = {isa = PBXFileReference; fileEncoding = 4; lastKnownFileType = sourcecode.c.objc; path = SecondCategoryViewController.m; sourceTree = "<group>"; };
		78CC457019C6B24400C665C3 /* PictureDictionary.app */ = {isa = PBXFileReference; explicitFileType = wrapper.application; includeInIndex = 0; path = PictureDictionary.app; sourceTree = BUILT_PRODUCTS_DIR; };
		78CC457319C6B24400C665C3 /* Foundation.framework */ = {isa = PBXFileReference; lastKnownFileType = wrapper.framework; name = Foundation.framework; path = System/Library/Frameworks/Foundation.framework; sourceTree = SDKROOT; };
		78CC457519C6B24400C665C3 /* CoreGraphics.framework */ = {isa = PBXFileReference; lastKnownFileType = wrapper.framework; name = CoreGraphics.framework; path = System/Library/Frameworks/CoreGraphics.framework; sourceTree = SDKROOT; };
		78CC457719C6B24400C665C3 /* UIKit.framework */ = {isa = PBXFileReference; lastKnownFileType = wrapper.framework; name = UIKit.framework; path = System/Library/Frameworks/UIKit.framework; sourceTree = SDKROOT; };
		78CC457B19C6B24400C665C3 /* PictureDictionary-Info.plist */ = {isa = PBXFileReference; lastKnownFileType = text.plist.xml; path = "PictureDictionary-Info.plist"; sourceTree = "<group>"; };
		78CC457D19C6B24400C665C3 /* en */ = {isa = PBXFileReference; lastKnownFileType = text.plist.strings; name = en; path = en.lproj/InfoPlist.strings; sourceTree = "<group>"; };
		78CC457F19C6B24400C665C3 /* main.m */ = {isa = PBXFileReference; lastKnownFileType = sourcecode.c.objc; path = main.m; sourceTree = "<group>"; };
		78CC458119C6B24400C665C3 /* PictureDictionary-Prefix.pch */ = {isa = PBXFileReference; lastKnownFileType = sourcecode.c.h; path = "PictureDictionary-Prefix.pch"; sourceTree = "<group>"; };
		78CC458219C6B24400C665C3 /* DictionaryAppDelegate.h */ = {isa = PBXFileReference; lastKnownFileType = sourcecode.c.h; path = DictionaryAppDelegate.h; sourceTree = "<group>"; };
		78CC458319C6B24400C665C3 /* DictionaryAppDelegate.m */ = {isa = PBXFileReference; lastKnownFileType = sourcecode.c.objc; path = DictionaryAppDelegate.m; sourceTree = "<group>"; };
		78CC458619C6B24400C665C3 /* Base */ = {isa = PBXFileReference; lastKnownFileType = file.storyboard; name = Base; path = Base.lproj/Main.storyboard; sourceTree = "<group>"; };
		78CC458819C6B24400C665C3 /* DictionaryViewController.h */ = {isa = PBXFileReference; lastKnownFileType = sourcecode.c.h; path = DictionaryViewController.h; sourceTree = "<group>"; };
		78CC458919C6B24400C665C3 /* DictionaryViewController.m */ = {isa = PBXFileReference; lastKnownFileType = sourcecode.c.objc; path = DictionaryViewController.m; sourceTree = "<group>"; };
		78CC458B19C6B24400C665C3 /* Images.xcassets */ = {isa = PBXFileReference; lastKnownFileType = folder.assetcatalog; path = Images.xcassets; sourceTree = "<group>"; };
		78CC459119C6B24400C665C3 /* PictureDictionaryTests.xctest */ = {isa = PBXFileReference; explicitFileType = wrapper.cfbundle; includeInIndex = 0; path = PictureDictionaryTests.xctest; sourceTree = BUILT_PRODUCTS_DIR; };
		78CC459219C6B24400C665C3 /* XCTest.framework */ = {isa = PBXFileReference; lastKnownFileType = wrapper.framework; name = XCTest.framework; path = Library/Frameworks/XCTest.framework; sourceTree = DEVELOPER_DIR; };
		78CC459A19C6B24400C665C3 /* PictureDictionaryTests-Info.plist */ = {isa = PBXFileReference; lastKnownFileType = text.plist.xml; path = "PictureDictionaryTests-Info.plist"; sourceTree = "<group>"; };
		78CC459C19C6B24400C665C3 /* en */ = {isa = PBXFileReference; lastKnownFileType = text.plist.strings; name = en; path = en.lproj/InfoPlist.strings; sourceTree = "<group>"; };
		78CC459E19C6B24400C665C3 /* PictureDictionaryTests.m */ = {isa = PBXFileReference; lastKnownFileType = sourcecode.c.objc; path = PictureDictionaryTests.m; sourceTree = "<group>"; };
/* End PBXFileReference section */

/* Begin PBXFrameworksBuildPhase section */
		78CC456D19C6B24400C665C3 /* Frameworks */ = {
			isa = PBXFrameworksBuildPhase;
			buildActionMask = 2147483647;
			files = (
				78CC457619C6B24400C665C3 /* CoreGraphics.framework in Frameworks */,
				78CC457819C6B24400C665C3 /* UIKit.framework in Frameworks */,
				78CC457419C6B24400C665C3 /* Foundation.framework in Frameworks */,
			);
			runOnlyForDeploymentPostprocessing = 0;
		};
		78CC458E19C6B24400C665C3 /* Frameworks */ = {
			isa = PBXFrameworksBuildPhase;
			buildActionMask = 2147483647;
			files = (
				78CC459319C6B24400C665C3 /* XCTest.framework in Frameworks */,
				78CC459519C6B24400C665C3 /* UIKit.framework in Frameworks */,
				78CC459419C6B24400C665C3 /* Foundation.framework in Frameworks */,
			);
			runOnlyForDeploymentPostprocessing = 0;
		};
/* End PBXFrameworksBuildPhase section */

/* Begin PBXGroup section */
		78AD1B9419C7CEED00BD21A7 /* appDelegate */ = {
			isa = PBXGroup;
			children = (
				78CC458219C6B24400C665C3 /* DictionaryAppDelegate.h */,
				78CC458319C6B24400C665C3 /* DictionaryAppDelegate.m */,
			);
			name = appDelegate;
			sourceTree = "<group>";
		};
		78AD1B9519C7CEF800BD21A7 /* viewControllers */ = {
			isa = PBXGroup;
			children = (
				78CC458819C6B24400C665C3 /* DictionaryViewController.h */,
				78CC458919C6B24400C665C3 /* DictionaryViewController.m */,
				78CA65F919D2A94F00EF8A95 /* SecondCategoryViewController.h */,
				78CA65FA19D2A94F00EF8A95 /* SecondCategoryViewController.m */,
				78AF636819D3BA06006B1DD4 /* TestViewController.h */,
				78AF636919D3BA06006B1DD4 /* TestViewController.m */,
				785A90741A008EC50038851C /* TitleViewController.h */,
				785A90751A008EC50038851C /* TitleViewController.m */,
			);
			name = viewControllers;
			sourceTree = "<group>";
		};
		78CC456719C6B24400C665C3 = {
			isa = PBXGroup;
			children = (
				78CC457919C6B24400C665C3 /* PictureDictionary */,
				78CC459819C6B24400C665C3 /* PictureDictionaryTests */,
				78CC457219C6B24400C665C3 /* Frameworks */,
				78CC457119C6B24400C665C3 /* Products */,
			);
			sourceTree = "<group>";
		};
		78CC457119C6B24400C665C3 /* Products */ = {
			isa = PBXGroup;
			children = (
				78CC457019C6B24400C665C3 /* PictureDictionary.app */,
				78CC459119C6B24400C665C3 /* PictureDictionaryTests.xctest */,
			);
			name = Products;
			sourceTree = "<group>";
		};
		78CC457219C6B24400C665C3 /* Frameworks */ = {
			isa = PBXGroup;
			children = (
				78CC457319C6B24400C665C3 /* Foundation.framework */,
				78CC457519C6B24400C665C3 /* CoreGraphics.framework */,
				78CC457719C6B24400C665C3 /* UIKit.framework */,
				78CC459219C6B24400C665C3 /* XCTest.framework */,
			);
			name = Frameworks;
			sourceTree = "<group>";
		};
		78CC457919C6B24400C665C3 /* PictureDictionary */ = {
			isa = PBXGroup;
			children = (
				78AD1B9519C7CEF800BD21A7 /* viewControllers */,
				78AD1B9419C7CEED00BD21A7 /* appDelegate */,
				78CC458519C6B24400C665C3 /* Main.storyboard */,
				78CC458B19C6B24400C665C3 /* Images.xcassets */,
				78CC457A19C6B24400C665C3 /* Supporting Files */,
			);
			path = PictureDictionary;
			sourceTree = "<group>";
		};
		78CC457A19C6B24400C665C3 /* Supporting Files */ = {
			isa = PBXGroup;
			children = (
				78AD1B9619C8024900BD21A7 /* tater.png */,
				78CC457B19C6B24400C665C3 /* PictureDictionary-Info.plist */,
				78CC457C19C6B24400C665C3 /* InfoPlist.strings */,
				78CC457F19C6B24400C665C3 /* main.m */,
				78CC458119C6B24400C665C3 /* PictureDictionary-Prefix.pch */,
			);
			name = "Supporting Files";
			sourceTree = "<group>";
		};
		78CC459819C6B24400C665C3 /* PictureDictionaryTests */ = {
			isa = PBXGroup;
			children = (
				78CC459E19C6B24400C665C3 /* PictureDictionaryTests.m */,
				78CC459919C6B24400C665C3 /* Supporting Files */,
			);
			path = PictureDictionaryTests;
			sourceTree = "<group>";
		};
		78CC459919C6B24400C665C3 /* Supporting Files */ = {
			isa = PBXGroup;
			children = (
				78CC459A19C6B24400C665C3 /* PictureDictionaryTests-Info.plist */,
				78CC459B19C6B24400C665C3 /* InfoPlist.strings */,
			);
			name = "Supporting Files";
			sourceTree = "<group>";
		};
/* End PBXGroup section */

/* Begin PBXNativeTarget section */
		78CC456F19C6B24400C665C3 /* PictureDictionary */ = {
			isa = PBXNativeTarget;
			buildConfigurationList = 78CC45A219C6B24400C665C3 /* Build configuration list for PBXNativeTarget "PictureDictionary" */;
			buildPhases = (
				78CC456C19C6B24400C665C3 /* Sources */,
				78CC456D19C6B24400C665C3 /* Frameworks */,
				78CC456E19C6B24400C665C3 /* Resources */,
			);
			buildRules = (
			);
			dependencies = (
			);
			name = PictureDictionary;
			productName = PictureDictionary;
			productReference = 78CC457019C6B24400C665C3 /* PictureDictionary.app */;
			productType = "com.apple.product-type.application";
		};
		78CC459019C6B24400C665C3 /* PictureDictionaryTests */ = {
			isa = PBXNativeTarget;
			buildConfigurationList = 78CC45A519C6B24400C665C3 /* Build configuration list for PBXNativeTarget "PictureDictionaryTests" */;
			buildPhases = (
				78CC458D19C6B24400C665C3 /* Sources */,
				78CC458E19C6B24400C665C3 /* Frameworks */,
				78CC458F19C6B24400C665C3 /* Resources */,
			);
			buildRules = (
			);
			dependencies = (
				78CC459719C6B24400C665C3 /* PBXTargetDependency */,
			);
			name = PictureDictionaryTests;
			productName = PictureDictionaryTests;
			productReference = 78CC459119C6B24400C665C3 /* PictureDictionaryTests.xctest */;
			productType = "com.apple.product-type.bundle.unit-test";
		};
/* End PBXNativeTarget section */

/* Begin PBXProject section */
		78CC456819C6B24400C665C3 /* Project object */ = {
			isa = PBXProject;
			attributes = {
				CLASSPREFIX = Dictionary;
				LastUpgradeCheck = 0500;
				ORGANIZATIONNAME = "thinkit ";
				TargetAttributes = {
					78CC459019C6B24400C665C3 = {
						TestTargetID = 78CC456F19C6B24400C665C3;
					};
				};
			};
			buildConfigurationList = 78CC456B19C6B24400C665C3 /* Build configuration list for PBXProject "PictureDictionary" */;
			compatibilityVersion = "Xcode 3.2";
			developmentRegion = English;
			hasScannedForEncodings = 0;
			knownRegions = (
				en,
				Base,
			);
			mainGroup = 78CC456719C6B24400C665C3;
			productRefGroup = 78CC457119C6B24400C665C3 /* Products */;
			projectDirPath = "";
			projectRoot = "";
			targets = (
				78CC456F19C6B24400C665C3 /* PictureDictionary */,
				78CC459019C6B24400C665C3 /* PictureDictionaryTests */,
			);
		};
/* End PBXProject section */

/* Begin PBXResourcesBuildPhase section */
		78CC456E19C6B24400C665C3 /* Resources */ = {
			isa = PBXResourcesBuildPhase;
			buildActionMask = 2147483647;
			files = (
				78AD1B9719C8024900BD21A7 /* tater.png in Resources */,
				78CC458C19C6B24400C665C3 /* Images.xcassets in Resources */,
				78CC457E19C6B24400C665C3 /* InfoPlist.strings in Resources */,
				78CC458719C6B24400C665C3 /* Main.storyboard in Resources */,
			);
			runOnlyForDeploymentPostprocessing = 0;
		};
		78CC458F19C6B24400C665C3 /* Resources */ = {
			isa = PBXResourcesBuildPhase;
			buildActionMask = 2147483647;
			files = (
				78CC459D19C6B24400C665C3 /* InfoPlist.strings in Resources */,
			);
			runOnlyForDeploymentPostprocessing = 0;
		};
/* End PBXResourcesBuildPhase section */

/* Begin PBXSourcesBuildPhase section */
		78CC456C19C6B24400C665C3 /* Sources */ = {
			isa = PBXSourcesBuildPhase;
			buildActionMask = 2147483647;
			files = (
				78CC458419C6B24400C665C3 /* DictionaryAppDelegate.m in Sources */,
				785A90761A008EC50038851C /* TitleViewController.m in Sources */,
				78CC458019C6B24400C665C3 /* main.m in Sources */,
				78CA65FB19D2A94F00EF8A95 /* SecondCategoryViewController.m in Sources */,
				78CC458A19C6B24400C665C3 /* DictionaryViewController.m in Sources */,
				78AF636A19D3BA06006B1DD4 /* TestViewController.m in Sources */,
			);
			runOnlyForDeploymentPostprocessing = 0;
		};
		78CC458D19C6B24400C665C3 /* Sources */ = {
			isa = PBXSourcesBuildPhase;
			buildActionMask = 2147483647;
			files = (
				78CC459F19C6B24400C665C3 /* PictureDictionaryTests.m in Sources */,
			);
			runOnlyForDeploymentPostprocessing = 0;
		};
/* End PBXSourcesBuildPhase section */

/* Begin PBXTargetDependency section */
		78CC459719C6B24400C665C3 /* PBXTargetDependency */ = {
			isa = PBXTargetDependency;
			target = 78CC456F19C6B24400C665C3 /* PictureDictionary */;
			targetProxy = 78CC459619C6B24400C665C3 /* PBXContainerItemProxy */;
		};
/* End PBXTargetDependency section */

/* Begin PBXVariantGroup section */
		78CC457C19C6B24400C665C3 /* InfoPlist.strings */ = {
			isa = PBXVariantGroup;
			children = (
				78CC457D19C6B24400C665C3 /* en */,
			);
			name = InfoPlist.strings;
			sourceTree = "<group>";
		};
		78CC458519C6B24400C665C3 /* Main.storyboard */ = {
			isa = PBXVariantGroup;
			children = (
				78CC458619C6B24400C665C3 /* Base */,
			);
			name = Main.storyboard;
			sourceTree = "<group>";
		};
		78CC459B19C6B24400C665C3 /* InfoPlist.strings */ = {
			isa = PBXVariantGroup;
			children = (
				78CC459C19C6B24400C665C3 /* en */,
			);
			name = InfoPlist.strings;
			sourceTree = "<group>";
		};
/* End PBXVariantGroup section */

/* Begin XCBuildConfiguration section */
		78CC45A019C6B24400C665C3 /* Debug */ = {
			isa = XCBuildConfiguration;
			buildSettings = {
				ALWAYS_SEARCH_USER_PATHS = NO;
				ARCHS = "$(ARCHS_STANDARD_INCLUDING_64_BIT)";
				CLANG_CXX_LANGUAGE_STANDARD = "gnu++0x";
				CLANG_CXX_LIBRARY = "libc++";
				CLANG_ENABLE_MODULES = YES;
				CLANG_ENABLE_OBJC_ARC = YES;
				CLANG_WARN_BOOL_CONVERSION = YES;
				CLANG_WARN_CONSTANT_CONVERSION = YES;
				CLANG_WARN_DIRECT_OBJC_ISA_USAGE = YES_ERROR;
				CLANG_WARN_EMPTY_BODY = YES;
				CLANG_WARN_ENUM_CONVERSION = YES;
				CLANG_WARN_INT_CONVERSION = YES;
				CLANG_WARN_OBJC_ROOT_CLASS = YES_ERROR;
				CLANG_WARN__DUPLICATE_METHOD_MATCH = YES;
				"CODE_SIGN_IDENTITY[sdk=iphoneos*]" = "iPhone Developer";
				COPY_PHASE_STRIP = NO;
				GCC_C_LANGUAGE_STANDARD = gnu99;
				GCC_DYNAMIC_NO_PIC = NO;
				GCC_OPTIMIZATION_LEVEL = 0;
				GCC_PREPROCESSOR_DEFINITIONS = (
					"DEBUG=1",
					"$(inherited)",
				);
				GCC_SYMBOLS_PRIVATE_EXTERN = NO;
				GCC_WARN_64_TO_32_BIT_CONVERSION = YES;
				GCC_WARN_ABOUT_RETURN_TYPE = YES_ERROR;
				GCC_WARN_UNDECLARED_SELECTOR = YES;
				GCC_WARN_UNINITIALIZED_AUTOS = YES;
				GCC_WARN_UNUSED_FUNCTION = YES;
				GCC_WARN_UNUSED_VARIABLE = YES;
				IPHONEOS_DEPLOYMENT_TARGET = 7.0;
				ONLY_ACTIVE_ARCH = YES;
				SDKROOT = iphoneos;
			};
			name = Debug;
		};
		78CC45A119C6B24400C665C3 /* Release */ = {
			isa = XCBuildConfiguration;
			buildSettings = {
				ALWAYS_SEARCH_USER_PATHS = NO;
				ARCHS = "$(ARCHS_STANDARD_INCLUDING_64_BIT)";
				CLANG_CXX_LANGUAGE_STANDARD = "gnu++0x";
				CLANG_CXX_LIBRARY = "libc++";
				CLANG_ENABLE_MODULES = YES;
				CLANG_ENABLE_OBJC_ARC = YES;
				CLANG_WARN_BOOL_CONVERSION = YES;
				CLANG_WARN_CONSTANT_CONVERSION = YES;
				CLANG_WARN_DIRECT_OBJC_ISA_USAGE = YES_ERROR;
				CLANG_WARN_EMPTY_BODY = YES;
				CLANG_WARN_ENUM_CONVERSION = YES;
				CLANG_WARN_INT_CONVERSION = YES;
				CLANG_WARN_OBJC_ROOT_CLASS = YES_ERROR;
				CLANG_WARN__DUPLICATE_METHOD_MATCH = YES;
				"CODE_SIGN_IDENTITY[sdk=iphoneos*]" = "iPhone Developer";
				COPY_PHASE_STRIP = YES;
				ENABLE_NS_ASSERTIONS = NO;
				GCC_C_LANGUAGE_STANDARD = gnu99;
				GCC_WARN_64_TO_32_BIT_CONVERSION = YES;
				GCC_WARN_ABOUT_RETURN_TYPE = YES_ERROR;
				GCC_WARN_UNDECLARED_SELECTOR = YES;
				GCC_WARN_UNINITIALIZED_AUTOS = YES;
				GCC_WARN_UNUSED_FUNCTION = YES;
				GCC_WARN_UNUSED_VARIABLE = YES;
				IPHONEOS_DEPLOYMENT_TARGET = 7.0;
				SDKROOT = iphoneos;
				VALIDATE_PRODUCT = YES;
			};
			name = Release;
		};
		78CC45A319C6B24400C665C3 /* Debug */ = {
			isa = XCBuildConfiguration;
			buildSettings = {
				ASSETCATALOG_COMPILER_APPICON_NAME = AppIcon;
				ASSETCATALOG_COMPILER_LAUNCHIMAGE_NAME = LaunchImage;
				GCC_PRECOMPILE_PREFIX_HEADER = YES;
				GCC_PREFIX_HEADER = "PictureDictionary/PictureDictionary-Prefix.pch";
				INFOPLIST_FILE = "PictureDictionary/PictureDictionary-Info.plist";
				PRODUCT_NAME = "$(TARGET_NAME)";
				WRAPPER_EXTENSION = app;
			};
			name = Debug;
		};
		78CC45A419C6B24400C665C3 /* Release */ = {
			isa = XCBuildConfiguration;
			buildSettings = {
				ASSETCATALOG_COMPILER_APPICON_NAME = AppIcon;
				ASSETCATALOG_COMPILER_LAUNCHIMAGE_NAME = LaunchImage;
				GCC_PRECOMPILE_PREFIX_HEADER = YES;
				GCC_PREFIX_HEADER = "PictureDictionary/PictureDictionary-Prefix.pch";
				INFOPLIST_FILE = "PictureDictionary/PictureDictionary-Info.plist";
				PRODUCT_NAME = "$(TARGET_NAME)";
				WRAPPER_EXTENSION = app;
			};
			name = Release;
		};
		78CC45A619C6B24400C665C3 /* Debug */ = {
			isa = XCBuildConfiguration;
			buildSettings = {
				ARCHS = "$(ARCHS_STANDARD_INCLUDING_64_BIT)";
				BUNDLE_LOADER = "$(BUILT_PRODUCTS_DIR)/PictureDictionary.app/PictureDictionary";
				FRAMEWORK_SEARCH_PATHS = (
					"$(SDKROOT)/Developer/Library/Frameworks",
					"$(inherited)",
					"$(DEVELOPER_FRAMEWORKS_DIR)",
				);
				GCC_PRECOMPILE_PREFIX_HEADER = YES;
				GCC_PREFIX_HEADER = "PictureDictionary/PictureDictionary-Prefix.pch";
				GCC_PREPROCESSOR_DEFINITIONS = (
					"DEBUG=1",
					"$(inherited)",
				);
				INFOPLIST_FILE = "PictureDictionaryTests/PictureDictionaryTests-Info.plist";
				PRODUCT_NAME = "$(TARGET_NAME)";
				TEST_HOST = "$(BUNDLE_LOADER)";
				WRAPPER_EXTENSION = xctest;
			};
			name = Debug;
		};
		78CC45A719C6B24400C665C3 /* Release */ = {
			isa = XCBuildConfiguration;
			buildSettings = {
				ARCHS = "$(ARCHS_STANDARD_INCLUDING_64_BIT)";
				BUNDLE_LOADER = "$(BUILT_PRODUCTS_DIR)/PictureDictionary.app/PictureDictionary";
				FRAMEWORK_SEARCH_PATHS = (
					"$(SDKROOT)/Developer/Library/Frameworks",
					"$(inherited)",
					"$(DEVELOPER_FRAMEWORKS_DIR)",
				);
				GCC_PRECOMPILE_PREFIX_HEADER = YES;
				GCC_PREFIX_HEADER = "PictureDictionary/PictureDictionary-Prefix.pch";
				INFOPLIST_FILE = "PictureDictionaryTests/PictureDictionaryTests-Info.plist";
				PRODUCT_NAME = "$(TARGET_NAME)";
				TEST_HOST = "$(BUNDLE_LOADER)";
				WRAPPER_EXTENSION = xctest;
			};
			name = Release;
		};
/* End XCBuildConfiguration section */

/* Begin XCConfigurationList section */
		78CC456B19C6B24400C665C3 /* Build configuration list for PBXProject "PictureDictionary" */ = {
			isa = XCConfigurationList;
			buildConfigurations = (
				78CC45A019C6B24400C665C3 /* Debug */,
				78CC45A119C6B24400C665C3 /* Release */,
			);
			defaultConfigurationIsVisible = 0;
			defaultConfigurationName = Release;
		};
		78CC45A219C6B24400C665C3 /* Build configuration list for PBXNativeTarget "PictureDictionary" */ = {
			isa = XCConfigurationList;
			buildConfigurations = (
				78CC45A319C6B24400C665C3 /* Debug */,
				78CC45A419C6B24400C665C3 /* Release */,
			);
			defaultConfigurationIsVisible = 0;
			defaultConfigurationName = Release;
		};
		78CC45A519C6B24400C665C3 /* Build configuration list for PBXNativeTarget "PictureDictionaryTests" */ = {
			isa = XCConfigurationList;
			buildConfigurations = (
				78CC45A619C6B24400C665C3 /* Debug */,
				78CC45A719C6B24400C665C3 /* Release */,
			);
			defaultConfigurationIsVisible = 0;
			defaultConfigurationName = Release;
		};
/* End XCConfigurationList section */
	};
	rootObject = 78CC456819C6B24400C665C3 /* Project object */;
}
